{
  "R": {
    "Version": "4.0.0",
    "Repositories": [
      {
        "Name": "CRAN",
        "URL": "https://packagemanager.rstudio.com/all/latest"
      }
    ]
  },
  "Packages": {
    "httpuv": {
      "Package": "httpuv",
      "Version": "1.5.4",
      "Source": "Repository",
      "Repository": "RSPM",
      "Hash": "4e6dabb220b006ccdc3b3b5ff993b205"
    },
    "later": {
      "Package": "later",
      "Version": "1.1.0.1",
      "Source": "Repository",
      "Repository": "RSPM",
      "Hash": "d0a62b247165aabf397fded504660d8a"
    },
    "promises": {
      "Package": "promises",
      "Version": "1.1.1",
      "Source": "Repository",
      "Repository": "RSPM",
      "Hash": "a8730dcbdd19f9047774909f0ec214a4"
    },
    "renv": {
      "Package": "renv",
      "Version": "0.10.0",
      "Source": "Repository",
      "Repository": "CRAN",
      "Hash": "0d3f1c2b63e70b3d918246b4e2ca59b7"
    },
    "rmarkdown": {
      "Package": "rmarkdown",
      "Version": "2.2",
      "Source": "Repository",
      "Repository": "RSPM",
      "Hash": "aa82ab08b203d5a32a5b5f404e80c399"
    },
    "servr": {
      "Package": "servr",
      "Version": "0.17",
      "Source": "Repository",
      "Repository": "RSPM",
      "Hash": "a59f16bb4cb2280bebe6b7726103af66"
    }
  }
}
